
Microsoft Visual Studio Solution File, Format Version 12.00
# Visual Studio Version 16
VisualStudioVersion = 16.0.29411.108
MinimumVisualStudioVersion = 10.0.40219.1
Project("{9A19103F-16F7-4668-BE54-9A1E7A4F7556}") = "SistemaSolar", "SolarSystem\SistemaSolar.csproj", "{1AE4941F-046C-4D05-B8AE-55ED04306159}"
EndProject
Global
	GlobalSection(SolutionConfigurationPlatforms) = preSolution
		Debug|Any CPU = Debug|Any CPU
		Release|Any CPU = Release|Any CPU
	EndGlobalSection
	GlobalSection(ProjectConfigurationPlatforms) = postSolution
		{1AE4941F-046C-4D05-B8AE-55ED04306159}.Debug|Any CPU.ActiveCfg = Debug|Any CPU
		{1AE4941F-046C-4D05-B8AE-55ED04306159}.Debug|Any CPU.Build.0 = Debug|Any CPU
		{1AE4941F-046C-4D05-B8AE-55ED04306159}.Release|Any CPU.ActiveCfg = Release|Any CPU
		{1AE4941F-046C-4D05-B8AE-55ED04306159}.Release|Any CPU.Build.0 = Release|Any CPU
	EndGlobalSection
	GlobalSection(SolutionProperties) = preSolution
		HideSolutionNode = FALSE
	EndGlobalSection
	GlobalSection(ExtensibilityGlobals) = postSolution
		SolutionGuid = {F7561D80-0B62-440B-A428-8F0F9693DBD9}
	EndGlobalSection
EndGlobal
